
Microsoft Visual Studio Solution File, Format Version 12.00
# Visual Studio Version 17
VisualStudioVersion = 17.7.34024.191
MinimumVisualStudioVersion = 10.0.40219.1
Project("{9A19103F-16F7-4668-BE54-9A1E7A4F7556}") = "Materials-Info", "Materials-Info\Materials-Info.csproj", "{1E041AE5-042D-425E-A726-46E6A4800FC6}"
EndProject
Project("{FAE04EC0-301F-11D3-BF4B-00C04F79EFBC}") = "Materials-Dis", "Materials-Dis\Materials-Dis.csproj", "{F69E311D-58A4-4C7B-BBC7-E976B25F3FF8}"
EndProject
Global
	GlobalSection(SolutionConfigurationPlatforms) = preSolution
		Debug|Any CPU = Debug|Any CPU
		Release|Any CPU = Release|Any CPU
	EndGlobalSection
	GlobalSection(ProjectConfigurationPlatforms) = postSolution
		{1E041AE5-042D-425E-A726-46E6A4800FC6}.Debug|Any CPU.ActiveCfg = Debug|Any CPU
		{1E041AE5-042D-425E-A726-46E6A4800FC6}.Debug|Any CPU.Build.0 = Debug|Any CPU
		{1E041AE5-042D-425E-A726-46E6A4800FC6}.Release|Any CPU.ActiveCfg = Release|Any CPU
		{1E041AE5-042D-425E-A726-46E6A4800FC6}.Release|Any CPU.Build.0 = Release|Any CPU
		{F69E311D-58A4-4C7B-BBC7-E976B25F3FF8}.Debug|Any CPU.ActiveCfg = Debug|Any CPU
		{F69E311D-58A4-4C7B-BBC7-E976B25F3FF8}.Debug|Any CPU.Build.0 = Debug|Any CPU
		{F69E311D-58A4-4C7B-BBC7-E976B25F3FF8}.Release|Any CPU.ActiveCfg = Release|Any CPU
		{F69E311D-58A4-4C7B-BBC7-E976B25F3FF8}.Release|Any CPU.Build.0 = Release|Any CPU
	EndGlobalSection
	GlobalSection(SolutionProperties) = preSolution
		HideSolutionNode = FALSE
	EndGlobalSection
	GlobalSection(ExtensibilityGlobals) = postSolution
		SolutionGuid = {80E55018-7FCD-4EBD-8309-4383C8E44112}
	EndGlobalSection
EndGlobal
